{
  "version": 4,
  "terraform_version": "1.10.2",
  "serial": 38,
  "lineage": "b3a1bbb7-2779-32a5-8704-722012913d79",
  "outputs": {
    "ec2_public_ip": {
      "value": "3.8.146.134",
      "type": "string"
    },
    "private_key_pem": {
      "value": "-----BEGIN RSA PRIVATE KEY-----\nMIIEpQIBAAKCAQEAxCwZzfa/MbD8Ld5aOS/AY0nspS/bu4+KYo8JYImYAyywlhzt\nAY9ejMeymKAHg/ZEhmRKUpjqwaaQhjVitjk/nNEclbAE7cS7pxfhqXmQgm4HLxaE\n4jr8J3E0aEp+2CVZgxAXJbqUWPWRcU6LU2aJRyAedllFgWof8gRzsyBfYMv76bA/\njrMHFwMsam7d7lvY2sJFI2Jcwrh51CrAbQRNkPWstderHY7Dp6nnMNk5vyA2Haxh\nfQZiQMdSGkQP748W154vrWpaUTzRzlK80agbqOWOoLSec+PdrMkFSDDXMgjd6u0d\nTbX7k3I/XvemXRMCpW7fO5lqNEc/7H6GkMNdZQIDAQABAoIBAH80GYd0eIXAPcWA\naQCr9hRr2wdCATmd2h4OogX3MprcX6T3HLfmP2kKFMTi//yRs91xKsBkZ9UqLIza\nESgX9ye4cNCfUpLa/tNaqPk72ni43++oqoIHvXnV7iWyKI3/qgtSY7ATTB5jHexb\nAf0Sf/Ge4iHbwTYpmo1UVbHRTAd3GzvpbwpdPBzcUrqzSbClYsMEh1Lxmnu8zHis\nA12l85jZuF226z+mXBnk9piGSebEZ/sGtIkGguDMBZMdc3mz2RTY89Xe7oCLvTPY\nJAfH9beJyBhGCZ/r6FfOoGrhYDSlu9BXx9omPsuLSEK3dQxXqo9jiuYcLuz1/MKo\nrTaeiAECgYEA3U7o/Q9iq6rN5rZU63x3FhR1FfMvx9cn5L/X3txs4f985xJe7Ka4\ndx2M1dSGXQPDle9DAvPysjwrowBXHgPbSiJJSrdCq/FK/Lar1yJcJTTQCxhv/9J5\nUrUP0HeLwjEnor62bCHl2U8Wn0vAc1WTsvR7OLgBtc15DR+2Y1GkdGcCgYEA4ux8\nNLD5kjSK9iSktz2P0xwKbFkbj6KOmu0LMbMKl+muQjhkQZr41KJlc02xHNiTq12N\nUt/ajj0xbcHPmqYRX4wpqU5Uw2PVs41/0EmiVteOk4UZPBavHpuiHuDTqnYMgWay\nsN7P+8xkwk3R2fI3RQva0UBF19D+I87emKX9YFMCgYEAkgPGZXEJQQpo35fdX6G3\nULIermTNWaTzhVGuNDRrApF2716HksxNWQn+KfcWz7f0C7DZHdGmh0J76AgJcpxI\nyxjkEo/nRVrmhuZfaooZEdNOkIOHIdrUgWVFEd5OL8oOxKnf4mhbJo2v91obl/0W\nfjQgOMPvHOx8udP6mnz7bHECgYEAy3OHcJ5zQ/hD1qfH3lodhwMO/VFu+nqeLJz2\nelqx1r22dLymdoOBMPNgzd4MO3aZ/vxjZrg49Wo71NH9VgQqc2XxPFB0grIRuWfV\n/mLmX8HnnK+qjkswOtsCoXiljaFFWQdAkn9SLcl1VRf8W9FkaE1WpGFhvTstf+FL\nhcTcxO0CgYEAs9vHD/l2tyZqVvdFo2/0vv32qTnpQGFTT1e5jCpvFVYKIHPl3sE2\nRvRZGX9npoO+CSdUu+qM/6DlMsKeDogufpE4WTFV3O1c2yZCUcxjNPdUXcCWuqzi\nWpUIJPGuht4+N75AEasiYQLfhOfbl6de36H7p/knHKTWvnVG/dWC9qA=\n-----END RSA PRIVATE KEY-----\n",
      "type": "string",
      "sensitive": true
    }
  },
  "resources": [
    {
      "mode": "managed",
      "type": "aws_ecr_repository",
      "name": "weather_repo",
      "provider": "provider[\"registry.terraform.io/hashicorp/aws\"]",
      "instances": [
        {
          "schema_version": 0,
          "attributes": {
            "arn": "arn:aws:ecr:eu-west-2:861276124001:repository/weather-backend-repo",
            "encryption_configuration": [
              {
                "encryption_type": "AES256",
                "kms_key": ""
              }
            ],
            "force_delete": null,
            "id": "weather-backend-repo",
            "image_scanning_configuration": [
              {
                "scan_on_push": false
              }
            ],
            "image_tag_mutability": "MUTABLE",
            "name": "weather-backend-repo",
            "registry_id": "861276124001",
            "repository_url": "861276124001.dkr.ecr.eu-west-2.amazonaws.com/weather-backend-repo",
            "tags": {
              "Name": "WeatherBackendECR"
            },
            "tags_all": {
              "Name": "WeatherBackendECR"
            },
            "timeouts": null
          },
          "sensitive_attributes": [],
          "private": "eyJlMmJmYjczMC1lY2FhLTExZTYtOGY4OC0zNDM2M2JjN2M0YzAiOnsiZGVsZXRlIjoxMjAwMDAwMDAwMDAwfX0="
        }
      ]
    },
    {
      "mode": "managed",
      "type": "aws_iam_instance_profile",
      "name": "ec2_instance_profile",
      "provider": "provider[\"registry.terraform.io/hashicorp/aws\"]",
      "instances": [
        {
          "schema_version": 0,
          "attributes": {
            "arn": "arn:aws:iam::861276124001:instance-profile/ec2-instance-profile",
            "create_date": "2024-12-13T17:31:10Z",
            "id": "ec2-instance-profile",
            "name": "ec2-instance-profile",
            "name_prefix": "",
            "path": "/",
            "role": "ec2-role",
            "tags": null,
            "tags_all": {},
            "unique_id": "AIPA4RCAOWNQ6NUHSF6CX"
          },
          "sensitive_attributes": [],
          "private": "bnVsbA==",
          "dependencies": [
            "aws_iam_role.ec2_role"
          ]
        }
      ]
    },
    {
      "mode": "managed",
      "type": "aws_iam_role",
      "name": "ec2_role",
      "provider": "provider[\"registry.terraform.io/hashicorp/aws\"]",
      "instances": [
        {
          "schema_version": 0,
          "attributes": {
            "arn": "arn:aws:iam::861276124001:role/ec2-role",
            "assume_role_policy": "{\"Statement\":[{\"Action\":\"sts:AssumeRole\",\"Effect\":\"Allow\",\"Principal\":{\"Service\":\"ec2.amazonaws.com\"},\"Sid\":\"\"}],\"Version\":\"2012-10-17\"}",
            "create_date": "2024-12-13T17:24:05Z",
            "description": "",
            "force_detach_policies": false,
            "id": "ec2-role",
            "inline_policy": [],
            "managed_policy_arns": [
              "arn:aws:iam::aws:policy/AmazonEC2ContainerRegistryReadOnly"
            ],
            "max_session_duration": 3600,
            "name": "ec2-role",
            "name_prefix": "",
            "path": "/",
            "permissions_boundary": "",
            "tags": {},
            "tags_all": {},
            "unique_id": "AROA4RCAOWNQXMSP5RWV7"
          },
          "sensitive_attributes": [],
          "private": "bnVsbA=="
        }
      ]
    },
    {
      "mode": "managed",
      "type": "aws_iam_role_policy_attachment",
      "name": "ecr_policy",
      "provider": "provider[\"registry.terraform.io/hashicorp/aws\"]",
      "instances": [
        {
          "schema_version": 0,
          "attributes": {
            "id": "ec2-role-20241213172405713200000002",
            "policy_arn": "arn:aws:iam::aws:policy/AmazonEC2ContainerRegistryReadOnly",
            "role": "ec2-role"
          },
          "sensitive_attributes": [],
          "private": "bnVsbA==",
          "dependencies": [
            "aws_iam_role.ec2_role"
          ]
        }
      ]
    },
    {
      "mode": "managed",
      "type": "aws_instance",
      "name": "weather_instance",
      "provider": "provider[\"registry.terraform.io/hashicorp/aws\"]",
      "instances": [
        {
          "schema_version": 1,
          "attributes": {
            "ami": "ami-0c76bd4bd302b30ec",
            "arn": "arn:aws:ec2:eu-west-2:861276124001:instance/i-030f933d22a8c7a49",
            "associate_public_ip_address": true,
            "availability_zone": "eu-west-2a",
            "capacity_reservation_specification": [
              {
                "capacity_reservation_preference": "open",
                "capacity_reservation_target": []
              }
            ],
            "cpu_core_count": 1,
            "cpu_options": [
              {
                "amd_sev_snp": "",
                "core_count": 1,
                "threads_per_core": 1
              }
            ],
            "cpu_threads_per_core": 1,
            "credit_specification": [
              {
                "cpu_credits": "standard"
              }
            ],
            "disable_api_stop": false,
            "disable_api_termination": false,
            "ebs_block_device": [],
            "ebs_optimized": false,
            "enable_primary_ipv6": null,
            "enclave_options": [
              {
                "enabled": false
              }
            ],
            "ephemeral_block_device": [],
            "get_password_data": false,
            "hibernation": false,
            "host_id": "",
            "host_resource_group_arn": null,
            "iam_instance_profile": "ec2-instance-profile",
            "id": "i-030f933d22a8c7a49",
            "instance_initiated_shutdown_behavior": "stop",
            "instance_lifecycle": "",
            "instance_market_options": [],
            "instance_state": "running",
            "instance_type": "t2.micro",
            "ipv6_address_count": 0,
            "ipv6_addresses": [],
            "key_name": "weather-key",
            "launch_template": [],
            "maintenance_options": [
              {
                "auto_recovery": "default"
              }
            ],
            "metadata_options": [
              {
                "http_endpoint": "enabled",
                "http_protocol_ipv6": "disabled",
                "http_put_response_hop_limit": 2,
                "http_tokens": "required",
                "instance_metadata_tags": "disabled"
              }
            ],
            "monitoring": false,
            "network_interface": [],
            "outpost_arn": "",
            "password_data": "",
            "placement_group": "",
            "placement_partition_number": 0,
            "primary_network_interface_id": "eni-03b82c02621c29336",
            "private_dns": "ip-10-0-1-22.eu-west-2.compute.internal",
            "private_dns_name_options": [
              {
                "enable_resource_name_dns_a_record": false,
                "enable_resource_name_dns_aaaa_record": false,
                "hostname_type": "ip-name"
              }
            ],
            "private_ip": "10.0.1.22",
            "public_dns": "ec2-3-8-146-134.eu-west-2.compute.amazonaws.com",
            "public_ip": "3.8.146.134",
            "root_block_device": [
              {
                "delete_on_termination": true,
                "device_name": "/dev/xvda",
                "encrypted": false,
                "iops": 3000,
                "kms_key_id": "",
                "tags": {},
                "tags_all": {},
                "throughput": 125,
                "volume_id": "vol-07aae712245753be7",
                "volume_size": 8,
                "volume_type": "gp3"
              }
            ],
            "secondary_private_ips": [],
            "security_groups": [
              "sg-01e345bb0d73846a4"
            ],
            "source_dest_check": true,
            "spot_instance_request_id": "",
            "subnet_id": "subnet-0955548fa8e58ea26",
            "tags": {
              "Name": "WeatherDashboardInstance"
            },
            "tags_all": {
              "Name": "WeatherDashboardInstance"
            },
            "tenancy": "default",
            "timeouts": null,
            "user_data": "7748e446cc4b4efdafbb6f13e30b7ff45a45f317",
            "user_data_base64": null,
            "user_data_replace_on_change": false,
            "volume_tags": null,
            "vpc_security_group_ids": [
              "sg-01e345bb0d73846a4"
            ]
          },
          "sensitive_attributes": [],
          "private": "eyJlMmJmYjczMC1lY2FhLTExZTYtOGY4OC0zNDM2M2JjN2M0YzAiOnsiY3JlYXRlIjo2MDAwMDAwMDAwMDAsImRlbGV0ZSI6MTIwMDAwMDAwMDAwMCwicmVhZCI6OTAwMDAwMDAwMDAwLCJ1cGRhdGUiOjYwMDAwMDAwMDAwMH0sInNjaGVtYV92ZXJzaW9uIjoiMSJ9",
          "dependencies": [
            "aws_iam_instance_profile.ec2_instance_profile",
            "aws_iam_role.ec2_role",
            "aws_key_pair.weather_key",
            "aws_security_group.weather_sg",
            "aws_subnet.public_subnet",
            "aws_vpc.weather_vpc",
            "tls_private_key.key"
          ]
        }
      ]
    },
    {
      "mode": "managed",
      "type": "aws_internet_gateway",
      "name": "weather_igw",
      "provider": "provider[\"registry.terraform.io/hashicorp/aws\"]",
      "instances": [
        {
          "schema_version": 0,
          "attributes": {
            "arn": "arn:aws:ec2:eu-west-2:861276124001:internet-gateway/igw-00eee321bcb8a4898",
            "id": "igw-00eee321bcb8a4898",
            "owner_id": "861276124001",
            "tags": {
              "Name": "weather-igw"
            },
            "tags_all": {
              "Name": "weather-igw"
            },
            "timeouts": null,
            "vpc_id": "vpc-0c3fb617b6ff1035f"
          },
          "sensitive_attributes": [],
          "private": "eyJlMmJmYjczMC1lY2FhLTExZTYtOGY4OC0zNDM2M2JjN2M0YzAiOnsiY3JlYXRlIjoxMjAwMDAwMDAwMDAwLCJkZWxldGUiOjEyMDAwMDAwMDAwMDAsInVwZGF0ZSI6MTIwMDAwMDAwMDAwMH19",
          "dependencies": [
            "aws_vpc.weather_vpc"
          ]
        }
      ]
    },
    {
      "mode": "managed",
      "type": "aws_key_pair",
      "name": "weather_key",
      "provider": "provider[\"registry.terraform.io/hashicorp/aws\"]",
      "instances": [
        {
          "schema_version": 1,
          "attributes": {
            "arn": "arn:aws:ec2:eu-west-2:861276124001:key-pair/weather-key",
            "fingerprint": "7f:56:43:15:5b:a3:0a:e2:72:eb:bb:c7:41:6a:35:18",
            "id": "weather-key",
            "key_name": "weather-key",
            "key_name_prefix": "",
            "key_pair_id": "key-0df9600f65b2dff13",
            "key_type": "rsa",
            "public_key": "ssh-rsa AAAAB3NzaC1yc2EAAAADAQABAAABAQDELBnN9r8xsPwt3lo5L8BjSeylL9u7j4pijwlgiZgDLLCWHO0Bj16Mx7KYoAeD9kSGZEpSmOrBppCGNWK2OT+c0RyVsATtxLunF+GpeZCCbgcvFoTiOvwncTRoSn7YJVmDEBclupRY9ZFxTotTZolHIB52WUWBah/yBHOzIF9gy/vpsD+OswcXAyxqbt3uW9jawkUjYlzCuHnUKsBtBE2Q9ay116sdjsOnqecw2Tm/IDYdrGF9BmJAx1IaRA/vjxbXni+talpRPNHOUrzRqBuo5Y6gtJ5z492syQVIMNcyCN3q7R1NtfuTcj9e96ZdEwKlbt87mWo0Rz/sfoaQw11l",
            "tags": {},
            "tags_all": {}
          },
          "sensitive_attributes": [],
          "private": "eyJzY2hlbWFfdmVyc2lvbiI6IjEifQ==",
          "dependencies": [
            "tls_private_key.key"
          ]
        }
      ]
    },
    {
      "mode": "managed",
      "type": "aws_route_table",
      "name": "public_route_table",
      "provider": "provider[\"registry.terraform.io/hashicorp/aws\"]",
      "instances": [
        {
          "schema_version": 0,
          "attributes": {
            "arn": "arn:aws:ec2:eu-west-2:861276124001:route-table/rtb-0566eb37a2c69ea44",
            "id": "rtb-0566eb37a2c69ea44",
            "owner_id": "861276124001",
            "propagating_vgws": [],
            "route": [
              {
                "carrier_gateway_id": "",
                "cidr_block": "0.0.0.0/0",
                "core_network_arn": "",
                "destination_prefix_list_id": "",
                "egress_only_gateway_id": "",
                "gateway_id": "igw-00eee321bcb8a4898",
                "ipv6_cidr_block": "",
                "local_gateway_id": "",
                "nat_gateway_id": "",
                "network_interface_id": "",
                "transit_gateway_id": "",
                "vpc_endpoint_id": "",
                "vpc_peering_connection_id": ""
              }
            ],
            "tags": {
              "Name": "weather-public-route-table"
            },
            "tags_all": {
              "Name": "weather-public-route-table"
            },
            "timeouts": null,
            "vpc_id": "vpc-0c3fb617b6ff1035f"
          },
          "sensitive_attributes": [],
          "private": "eyJlMmJmYjczMC1lY2FhLTExZTYtOGY4OC0zNDM2M2JjN2M0YzAiOnsiY3JlYXRlIjozMDAwMDAwMDAwMDAsImRlbGV0ZSI6MzAwMDAwMDAwMDAwLCJ1cGRhdGUiOjEyMDAwMDAwMDAwMH19",
          "dependencies": [
            "aws_internet_gateway.weather_igw",
            "aws_vpc.weather_vpc"
          ]
        }
      ]
    },
    {
      "mode": "managed",
      "type": "aws_route_table_association",
      "name": "public_association",
      "provider": "provider[\"registry.terraform.io/hashicorp/aws\"]",
      "instances": [
        {
          "schema_version": 0,
          "attributes": {
            "gateway_id": "",
            "id": "rtbassoc-0efeafb7fd2bb38d8",
            "route_table_id": "rtb-0566eb37a2c69ea44",
            "subnet_id": "subnet-0955548fa8e58ea26",
            "timeouts": null
          },
          "sensitive_attributes": [],
          "private": "eyJlMmJmYjczMC1lY2FhLTExZTYtOGY4OC0zNDM2M2JjN2M0YzAiOnsiY3JlYXRlIjozMDAwMDAwMDAwMDAsImRlbGV0ZSI6MzAwMDAwMDAwMDAwLCJ1cGRhdGUiOjEyMDAwMDAwMDAwMH19",
          "dependencies": [
            "aws_internet_gateway.weather_igw",
            "aws_route_table.public_route_table",
            "aws_subnet.public_subnet",
            "aws_vpc.weather_vpc"
          ]
        }
      ]
    },
    {
      "mode": "managed",
      "type": "aws_security_group",
      "name": "weather_sg",
      "provider": "provider[\"registry.terraform.io/hashicorp/aws\"]",
      "instances": [
        {
          "schema_version": 1,
          "attributes": {
            "arn": "arn:aws:ec2:eu-west-2:861276124001:security-group/sg-01e345bb0d73846a4",
            "description": "Managed by Terraform",
            "egress": [
              {
                "cidr_blocks": [
                  "0.0.0.0/0"
                ],
                "description": "",
                "from_port": 0,
                "ipv6_cidr_blocks": [],
                "prefix_list_ids": [],
                "protocol": "-1",
                "security_groups": [],
                "self": false,
                "to_port": 0
              }
            ],
            "id": "sg-01e345bb0d73846a4",
            "ingress": [
              {
                "cidr_blocks": [
                  "0.0.0.0/0"
                ],
                "description": "",
                "from_port": 22,
                "ipv6_cidr_blocks": [],
                "prefix_list_ids": [],
                "protocol": "tcp",
                "security_groups": [],
                "self": false,
                "to_port": 22
              },
              {
                "cidr_blocks": [
                  "0.0.0.0/0"
                ],
                "description": "",
                "from_port": 5000,
                "ipv6_cidr_blocks": [],
                "prefix_list_ids": [],
                "protocol": "tcp",
                "security_groups": [],
                "self": false,
                "to_port": 5000
              }
            ],
            "name": "terraform-20241213161719185700000001",
            "name_prefix": "terraform-",
            "owner_id": "861276124001",
            "revoke_rules_on_delete": false,
            "tags": {
              "Name": "WeatherDashboardSG"
            },
            "tags_all": {
              "Name": "WeatherDashboardSG"
            },
            "timeouts": null,
            "vpc_id": "vpc-0c3fb617b6ff1035f"
          },
          "sensitive_attributes": [],
          "private": "eyJlMmJmYjczMC1lY2FhLTExZTYtOGY4OC0zNDM2M2JjN2M0YzAiOnsiY3JlYXRlIjo2MDAwMDAwMDAwMDAsImRlbGV0ZSI6OTAwMDAwMDAwMDAwfSwic2NoZW1hX3ZlcnNpb24iOiIxIn0=",
          "dependencies": [
            "aws_vpc.weather_vpc"
          ]
        }
      ]
    },
    {
      "mode": "managed",
      "type": "aws_subnet",
      "name": "public_subnet",
      "provider": "provider[\"registry.terraform.io/hashicorp/aws\"]",
      "instances": [
        {
          "schema_version": 1,
          "attributes": {
            "arn": "arn:aws:ec2:eu-west-2:861276124001:subnet/subnet-0955548fa8e58ea26",
            "assign_ipv6_address_on_creation": false,
            "availability_zone": "eu-west-2a",
            "availability_zone_id": "euw2-az2",
            "cidr_block": "10.0.1.0/24",
            "customer_owned_ipv4_pool": "",
            "enable_dns64": false,
            "enable_lni_at_device_index": 0,
            "enable_resource_name_dns_a_record_on_launch": false,
            "enable_resource_name_dns_aaaa_record_on_launch": false,
            "id": "subnet-0955548fa8e58ea26",
            "ipv6_cidr_block": "",
            "ipv6_cidr_block_association_id": "",
            "ipv6_native": false,
            "map_customer_owned_ip_on_launch": false,
            "map_public_ip_on_launch": true,
            "outpost_arn": "",
            "owner_id": "861276124001",
            "private_dns_hostname_type_on_launch": "ip-name",
            "tags": {
              "Name": "weather-public-subnet"
            },
            "tags_all": {
              "Name": "weather-public-subnet"
            },
            "timeouts": null,
            "vpc_id": "vpc-0c3fb617b6ff1035f"
          },
          "sensitive_attributes": [],
          "private": "eyJlMmJmYjczMC1lY2FhLTExZTYtOGY4OC0zNDM2M2JjN2M0YzAiOnsiY3JlYXRlIjo2MDAwMDAwMDAwMDAsImRlbGV0ZSI6MTIwMDAwMDAwMDAwMH0sInNjaGVtYV92ZXJzaW9uIjoiMSJ9",
          "dependencies": [
            "aws_vpc.weather_vpc"
          ]
        }
      ]
    },
    {
      "mode": "managed",
      "type": "aws_vpc",
      "name": "weather_vpc",
      "provider": "provider[\"registry.terraform.io/hashicorp/aws\"]",
      "instances": [
        {
          "schema_version": 1,
          "attributes": {
            "arn": "arn:aws:ec2:eu-west-2:861276124001:vpc/vpc-0c3fb617b6ff1035f",
            "assign_generated_ipv6_cidr_block": false,
            "cidr_block": "10.0.0.0/16",
            "default_network_acl_id": "acl-0bfbb5e5f95797394",
            "default_route_table_id": "rtb-0888587181ed40465",
            "default_security_group_id": "sg-0d7e7c6739b6ad7d0",
            "dhcp_options_id": "dopt-06424361d5f908e88",
            "enable_dns_hostnames": true,
            "enable_dns_support": true,
            "enable_network_address_usage_metrics": false,
            "id": "vpc-0c3fb617b6ff1035f",
            "instance_tenancy": "default",
            "ipv4_ipam_pool_id": null,
            "ipv4_netmask_length": null,
            "ipv6_association_id": "",
            "ipv6_cidr_block": "",
            "ipv6_cidr_block_network_border_group": "",
            "ipv6_ipam_pool_id": "",
            "ipv6_netmask_length": 0,
            "main_route_table_id": "rtb-0888587181ed40465",
            "owner_id": "861276124001",
            "tags": {
              "Name": "weather-vpc"
            },
            "tags_all": {
              "Name": "weather-vpc"
            }
          },
          "sensitive_attributes": [],
          "private": "eyJzY2hlbWFfdmVyc2lvbiI6IjEifQ=="
        }
      ]
    },
    {
      "mode": "managed",
      "type": "local_file",
      "name": "key_file",
      "provider": "provider[\"registry.terraform.io/hashicorp/local\"]",
      "instances": [
        {
          "schema_version": 0,
          "attributes": {
            "content": "-----BEGIN RSA PRIVATE KEY-----\nMIIEpQIBAAKCAQEAxCwZzfa/MbD8Ld5aOS/AY0nspS/bu4+KYo8JYImYAyywlhzt\nAY9ejMeymKAHg/ZEhmRKUpjqwaaQhjVitjk/nNEclbAE7cS7pxfhqXmQgm4HLxaE\n4jr8J3E0aEp+2CVZgxAXJbqUWPWRcU6LU2aJRyAedllFgWof8gRzsyBfYMv76bA/\njrMHFwMsam7d7lvY2sJFI2Jcwrh51CrAbQRNkPWstderHY7Dp6nnMNk5vyA2Haxh\nfQZiQMdSGkQP748W154vrWpaUTzRzlK80agbqOWOoLSec+PdrMkFSDDXMgjd6u0d\nTbX7k3I/XvemXRMCpW7fO5lqNEc/7H6GkMNdZQIDAQABAoIBAH80GYd0eIXAPcWA\naQCr9hRr2wdCATmd2h4OogX3MprcX6T3HLfmP2kKFMTi//yRs91xKsBkZ9UqLIza\nESgX9ye4cNCfUpLa/tNaqPk72ni43++oqoIHvXnV7iWyKI3/qgtSY7ATTB5jHexb\nAf0Sf/Ge4iHbwTYpmo1UVbHRTAd3GzvpbwpdPBzcUrqzSbClYsMEh1Lxmnu8zHis\nA12l85jZuF226z+mXBnk9piGSebEZ/sGtIkGguDMBZMdc3mz2RTY89Xe7oCLvTPY\nJAfH9beJyBhGCZ/r6FfOoGrhYDSlu9BXx9omPsuLSEK3dQxXqo9jiuYcLuz1/MKo\nrTaeiAECgYEA3U7o/Q9iq6rN5rZU63x3FhR1FfMvx9cn5L/X3txs4f985xJe7Ka4\ndx2M1dSGXQPDle9DAvPysjwrowBXHgPbSiJJSrdCq/FK/Lar1yJcJTTQCxhv/9J5\nUrUP0HeLwjEnor62bCHl2U8Wn0vAc1WTsvR7OLgBtc15DR+2Y1GkdGcCgYEA4ux8\nNLD5kjSK9iSktz2P0xwKbFkbj6KOmu0LMbMKl+muQjhkQZr41KJlc02xHNiTq12N\nUt/ajj0xbcHPmqYRX4wpqU5Uw2PVs41/0EmiVteOk4UZPBavHpuiHuDTqnYMgWay\nsN7P+8xkwk3R2fI3RQva0UBF19D+I87emKX9YFMCgYEAkgPGZXEJQQpo35fdX6G3\nULIermTNWaTzhVGuNDRrApF2716HksxNWQn+KfcWz7f0C7DZHdGmh0J76AgJcpxI\nyxjkEo/nRVrmhuZfaooZEdNOkIOHIdrUgWVFEd5OL8oOxKnf4mhbJo2v91obl/0W\nfjQgOMPvHOx8udP6mnz7bHECgYEAy3OHcJ5zQ/hD1qfH3lodhwMO/VFu+nqeLJz2\nelqx1r22dLymdoOBMPNgzd4MO3aZ/vxjZrg49Wo71NH9VgQqc2XxPFB0grIRuWfV\n/mLmX8HnnK+qjkswOtsCoXiljaFFWQdAkn9SLcl1VRf8W9FkaE1WpGFhvTstf+FL\nhcTcxO0CgYEAs9vHD/l2tyZqVvdFo2/0vv32qTnpQGFTT1e5jCpvFVYKIHPl3sE2\nRvRZGX9npoO+CSdUu+qM/6DlMsKeDogufpE4WTFV3O1c2yZCUcxjNPdUXcCWuqzi\nWpUIJPGuht4+N75AEasiYQLfhOfbl6de36H7p/knHKTWvnVG/dWC9qA=\n-----END RSA PRIVATE KEY-----\n",
            "content_base64": null,
            "content_base64sha256": "+iDAAuv6FXlduIyEwlIe9DECIrYrtG81AHF6r0k2nxM=",
            "content_base64sha512": "jMRPNXHC3jUDYuq3Aznl/7emodTWqnUEE76izri3HYPAXizSJRDGbJhreCfLu4TXwsJNYMASKBJOJGLpb/3rQQ==",
            "content_md5": "2d8caf78dbc7bc3474d50dbfbe846501",
            "content_sha1": "8a7d2802e748d6e745f4469eb7fdf9e5541fa4c8",
            "content_sha256": "fa20c002ebfa15795db88c84c2521ef4310222b62bb46f3500717aaf49369f13",
            "content_sha512": "8cc44f3571c2de350362eab70339e5ffb7a6a1d4d6aa750413bea2ceb8b71d83c05e2cd22510c66c986b7827cbbb84d7c2c24d60c01228124e2462e96ffdeb41",
            "directory_permission": "0777",
            "file_permission": "0600",
            "filename": "./weather-key.pem",
            "id": "8a7d2802e748d6e745f4469eb7fdf9e5541fa4c8",
            "sensitive_content": null,
            "source": null
          },
          "sensitive_attributes": [
            [
              {
                "type": "get_attr",
                "value": "sensitive_content"
              }
            ],
            [
              {
                "type": "get_attr",
                "value": "content"
              }
            ]
          ],
          "dependencies": [
            "tls_private_key.key"
          ]
        }
      ]
    },
    {
      "mode": "managed",
      "type": "tls_private_key",
      "name": "key",
      "provider": "provider[\"registry.terraform.io/hashicorp/tls\"]",
      "instances": [
        {
          "schema_version": 1,
          "attributes": {
            "algorithm": "RSA",
            "ecdsa_curve": "P224",
            "id": "cf69aa92e0dc7296c150dec6669c8a6733c919c3",
            "private_key_openssh": "-----BEGIN OPENSSH PRIVATE KEY-----\nb3BlbnNzaC1rZXktdjEAAAAABG5vbmUAAAAEbm9uZQAAAAAAAAABAAABFwAAAAdz\nc2gtcnNhAAAAAwEAAQAAAQEAxCwZzfa/MbD8Ld5aOS/AY0nspS/bu4+KYo8JYImY\nAyywlhztAY9ejMeymKAHg/ZEhmRKUpjqwaaQhjVitjk/nNEclbAE7cS7pxfhqXmQ\ngm4HLxaE4jr8J3E0aEp+2CVZgxAXJbqUWPWRcU6LU2aJRyAedllFgWof8gRzsyBf\nYMv76bA/jrMHFwMsam7d7lvY2sJFI2Jcwrh51CrAbQRNkPWstderHY7Dp6nnMNk5\nvyA2HaxhfQZiQMdSGkQP748W154vrWpaUTzRzlK80agbqOWOoLSec+PdrMkFSDDX\nMgjd6u0dTbX7k3I/XvemXRMCpW7fO5lqNEc/7H6GkMNdZQAAA7hHQ3bzR0N28wAA\nAAdzc2gtcnNhAAABAQDELBnN9r8xsPwt3lo5L8BjSeylL9u7j4pijwlgiZgDLLCW\nHO0Bj16Mx7KYoAeD9kSGZEpSmOrBppCGNWK2OT+c0RyVsATtxLunF+GpeZCCbgcv\nFoTiOvwncTRoSn7YJVmDEBclupRY9ZFxTotTZolHIB52WUWBah/yBHOzIF9gy/vp\nsD+OswcXAyxqbt3uW9jawkUjYlzCuHnUKsBtBE2Q9ay116sdjsOnqecw2Tm/IDYd\nrGF9BmJAx1IaRA/vjxbXni+talpRPNHOUrzRqBuo5Y6gtJ5z492syQVIMNcyCN3q\n7R1NtfuTcj9e96ZdEwKlbt87mWo0Rz/sfoaQw11lAAAAAwEAAQAAAQB/NBmHdHiF\nwD3FgGkAq/YUa9sHQgE5ndoeDqIF9zKa3F+k9xy35j9pChTE4v/8kbPdcSrAZGfV\nKiyM2hEoF/cnuHDQn1KS2v7TWqj5O9p4uN/vqKqCB7151e4lsiiN/6oLUmOwE0we\nYx3sWwH9En/xnuIh28E2KZqNVFWx0UwHdxs76W8KXTwc3FK6s0mwpWLDBIdS8Zp7\nvMx4rANdpfOY2bhdtus/plwZ5PaYhknmxGf7BrSJBoLgzAWTHXN5s9kU2PPV3u6A\ni70z2CQHx/W3icgYRgmf6+hXzqBq4WA0pbvQV8faJj7Li0hCt3UMV6qPY4rmHC7s\n9fzCqK02nogBAAAAgQCz28cP+Xa3JmpW90Wjb/S+/fapOelAYVNPV7mMKm8VVgog\nc+XewTZG9FkZf2emg74JJ1S76oz/oOUywp4OiC5+kThZMVXc7VzbJkJRzGM091Rd\nwJa6rOJalQgk8a6G3j43vkARqyJhAt+E59uXp17fofun+SccpNa+dUb91YL2oAAA\nAIEA3U7o/Q9iq6rN5rZU63x3FhR1FfMvx9cn5L/X3txs4f985xJe7Ka4dx2M1dSG\nXQPDle9DAvPysjwrowBXHgPbSiJJSrdCq/FK/Lar1yJcJTTQCxhv/9J5UrUP0HeL\nwjEnor62bCHl2U8Wn0vAc1WTsvR7OLgBtc15DR+2Y1GkdGcAAACBAOLsfDSw+ZI0\nivYkpLc9j9McCmxZG4+ijprtCzGzCpfprkI4ZEGa+NSiZXNNsRzYk6tdjVLf2o49\nMW3Bz5qmEV+MKalOVMNj1bONf9BJolbXjpOFGTwWrx6boh7g06p2DIFmsrDez/vM\nZMJN0dnyN0UL2tFARdfQ/iPO3pil/WBTAAAAAAEC\n-----END OPENSSH PRIVATE KEY-----\n",
            "private_key_pem": "-----BEGIN RSA PRIVATE KEY-----\nMIIEpQIBAAKCAQEAxCwZzfa/MbD8Ld5aOS/AY0nspS/bu4+KYo8JYImYAyywlhzt\nAY9ejMeymKAHg/ZEhmRKUpjqwaaQhjVitjk/nNEclbAE7cS7pxfhqXmQgm4HLxaE\n4jr8J3E0aEp+2CVZgxAXJbqUWPWRcU6LU2aJRyAedllFgWof8gRzsyBfYMv76bA/\njrMHFwMsam7d7lvY2sJFI2Jcwrh51CrAbQRNkPWstderHY7Dp6nnMNk5vyA2Haxh\nfQZiQMdSGkQP748W154vrWpaUTzRzlK80agbqOWOoLSec+PdrMkFSDDXMgjd6u0d\nTbX7k3I/XvemXRMCpW7fO5lqNEc/7H6GkMNdZQIDAQABAoIBAH80GYd0eIXAPcWA\naQCr9hRr2wdCATmd2h4OogX3MprcX6T3HLfmP2kKFMTi//yRs91xKsBkZ9UqLIza\nESgX9ye4cNCfUpLa/tNaqPk72ni43++oqoIHvXnV7iWyKI3/qgtSY7ATTB5jHexb\nAf0Sf/Ge4iHbwTYpmo1UVbHRTAd3GzvpbwpdPBzcUrqzSbClYsMEh1Lxmnu8zHis\nA12l85jZuF226z+mXBnk9piGSebEZ/sGtIkGguDMBZMdc3mz2RTY89Xe7oCLvTPY\nJAfH9beJyBhGCZ/r6FfOoGrhYDSlu9BXx9omPsuLSEK3dQxXqo9jiuYcLuz1/MKo\nrTaeiAECgYEA3U7o/Q9iq6rN5rZU63x3FhR1FfMvx9cn5L/X3txs4f985xJe7Ka4\ndx2M1dSGXQPDle9DAvPysjwrowBXHgPbSiJJSrdCq/FK/Lar1yJcJTTQCxhv/9J5\nUrUP0HeLwjEnor62bCHl2U8Wn0vAc1WTsvR7OLgBtc15DR+2Y1GkdGcCgYEA4ux8\nNLD5kjSK9iSktz2P0xwKbFkbj6KOmu0LMbMKl+muQjhkQZr41KJlc02xHNiTq12N\nUt/ajj0xbcHPmqYRX4wpqU5Uw2PVs41/0EmiVteOk4UZPBavHpuiHuDTqnYMgWay\nsN7P+8xkwk3R2fI3RQva0UBF19D+I87emKX9YFMCgYEAkgPGZXEJQQpo35fdX6G3\nULIermTNWaTzhVGuNDRrApF2716HksxNWQn+KfcWz7f0C7DZHdGmh0J76AgJcpxI\nyxjkEo/nRVrmhuZfaooZEdNOkIOHIdrUgWVFEd5OL8oOxKnf4mhbJo2v91obl/0W\nfjQgOMPvHOx8udP6mnz7bHECgYEAy3OHcJ5zQ/hD1qfH3lodhwMO/VFu+nqeLJz2\nelqx1r22dLymdoOBMPNgzd4MO3aZ/vxjZrg49Wo71NH9VgQqc2XxPFB0grIRuWfV\n/mLmX8HnnK+qjkswOtsCoXiljaFFWQdAkn9SLcl1VRf8W9FkaE1WpGFhvTstf+FL\nhcTcxO0CgYEAs9vHD/l2tyZqVvdFo2/0vv32qTnpQGFTT1e5jCpvFVYKIHPl3sE2\nRvRZGX9npoO+CSdUu+qM/6DlMsKeDogufpE4WTFV3O1c2yZCUcxjNPdUXcCWuqzi\nWpUIJPGuht4+N75AEasiYQLfhOfbl6de36H7p/knHKTWvnVG/dWC9qA=\n-----END RSA PRIVATE KEY-----\n",
            "private_key_pem_pkcs8": "-----BEGIN PRIVATE KEY-----\nMIIEvwIBADANBgkqhkiG9w0BAQEFAASCBKkwggSlAgEAAoIBAQDELBnN9r8xsPwt\n3lo5L8BjSeylL9u7j4pijwlgiZgDLLCWHO0Bj16Mx7KYoAeD9kSGZEpSmOrBppCG\nNWK2OT+c0RyVsATtxLunF+GpeZCCbgcvFoTiOvwncTRoSn7YJVmDEBclupRY9ZFx\nTotTZolHIB52WUWBah/yBHOzIF9gy/vpsD+OswcXAyxqbt3uW9jawkUjYlzCuHnU\nKsBtBE2Q9ay116sdjsOnqecw2Tm/IDYdrGF9BmJAx1IaRA/vjxbXni+talpRPNHO\nUrzRqBuo5Y6gtJ5z492syQVIMNcyCN3q7R1NtfuTcj9e96ZdEwKlbt87mWo0Rz/s\nfoaQw11lAgMBAAECggEAfzQZh3R4hcA9xYBpAKv2FGvbB0IBOZ3aHg6iBfcymtxf\npPcct+Y/aQoUxOL//JGz3XEqwGRn1SosjNoRKBf3J7hw0J9Sktr+01qo+TvaeLjf\n76iqgge9edXuJbIojf+qC1JjsBNMHmMd7FsB/RJ/8Z7iIdvBNimajVRVsdFMB3cb\nO+lvCl08HNxSurNJsKViwwSHUvGae7zMeKwDXaXzmNm4XbbrP6ZcGeT2mIZJ5sRn\n+wa0iQaC4MwFkx1zebPZFNjz1d7ugIu9M9gkB8f1t4nIGEYJn+voV86gauFgNKW7\n0FfH2iY+y4tIQrd1DFeqj2OK5hwu7PX8wqitNp6IAQKBgQDdTuj9D2Krqs3mtlTr\nfHcWFHUV8y/H1yfkv9fe3Gzh/3znEl7sprh3HYzV1IZdA8OV70MC8/KyPCujAFce\nA9tKIklKt0Kr8Ur8tqvXIlwlNNALGG//0nlStQ/Qd4vCMSeivrZsIeXZTxafS8Bz\nVZOy9Hs4uAG1zXkNH7ZjUaR0ZwKBgQDi7Hw0sPmSNIr2JKS3PY/THApsWRuPoo6a\n7QsxswqX6a5COGRBmvjUomVzTbEc2JOrXY1S39qOPTFtwc+aphFfjCmpTlTDY9Wz\njX/QSaJW146ThRk8Fq8em6Ie4NOqdgyBZrKw3s/7zGTCTdHZ8jdFC9rRQEXX0P4j\nzt6Ypf1gUwKBgQCSA8ZlcQlBCmjfl91fobdQsh6uZM1ZpPOFUa40NGsCkXbvXoeS\nzE1ZCf4p9xbPt/QLsNkd0aaHQnvoCAlynEjLGOQSj+dFWuaG5l9qihkR006Qg4ch\n2tSBZUUR3k4vyg7Eqd/iaFsmja/3WhuX/RZ+NCA4w+8c7Hy50/qafPtscQKBgQDL\nc4dwnnND+EPWp8feWh2HAw79UW76ep4snPZ6WrHWvbZ0vKZ2g4Ew82DN3gw7dpn+\n/GNmuDj1ajvU0f1WBCpzZfE8UHSCshG5Z9X+YuZfweecr6qOSzA62wKheKWNoUVZ\nB0CSf1ItyXVVF/xb0WRoTVakYWG9Oy1/4UuFxNzE7QKBgQCz28cP+Xa3JmpW90Wj\nb/S+/fapOelAYVNPV7mMKm8VVgogc+XewTZG9FkZf2emg74JJ1S76oz/oOUywp4O\niC5+kThZMVXc7VzbJkJRzGM091RdwJa6rOJalQgk8a6G3j43vkARqyJhAt+E59uX\np17fofun+SccpNa+dUb91YL2oA==\n-----END PRIVATE KEY-----\n",
            "public_key_fingerprint_md5": "7d:9c:36:87:1e:a4:04:0c:02:03:6c:f2:94:63:0e:49",
            "public_key_fingerprint_sha256": "SHA256:MYoxjheDAR8v0GhA4Plr73IcR9Xru3UdmFGXCR5jyl0",
            "public_key_openssh": "ssh-rsa AAAAB3NzaC1yc2EAAAADAQABAAABAQDELBnN9r8xsPwt3lo5L8BjSeylL9u7j4pijwlgiZgDLLCWHO0Bj16Mx7KYoAeD9kSGZEpSmOrBppCGNWK2OT+c0RyVsATtxLunF+GpeZCCbgcvFoTiOvwncTRoSn7YJVmDEBclupRY9ZFxTotTZolHIB52WUWBah/yBHOzIF9gy/vpsD+OswcXAyxqbt3uW9jawkUjYlzCuHnUKsBtBE2Q9ay116sdjsOnqecw2Tm/IDYdrGF9BmJAx1IaRA/vjxbXni+talpRPNHOUrzRqBuo5Y6gtJ5z492syQVIMNcyCN3q7R1NtfuTcj9e96ZdEwKlbt87mWo0Rz/sfoaQw11l\n",
            "public_key_pem": "-----BEGIN PUBLIC KEY-----\nMIIBIjANBgkqhkiG9w0BAQEFAAOCAQ8AMIIBCgKCAQEAxCwZzfa/MbD8Ld5aOS/A\nY0nspS/bu4+KYo8JYImYAyywlhztAY9ejMeymKAHg/ZEhmRKUpjqwaaQhjVitjk/\nnNEclbAE7cS7pxfhqXmQgm4HLxaE4jr8J3E0aEp+2CVZgxAXJbqUWPWRcU6LU2aJ\nRyAedllFgWof8gRzsyBfYMv76bA/jrMHFwMsam7d7lvY2sJFI2Jcwrh51CrAbQRN\nkPWstderHY7Dp6nnMNk5vyA2HaxhfQZiQMdSGkQP748W154vrWpaUTzRzlK80agb\nqOWOoLSec+PdrMkFSDDXMgjd6u0dTbX7k3I/XvemXRMCpW7fO5lqNEc/7H6GkMNd\nZQIDAQAB\n-----END PUBLIC KEY-----\n",
            "rsa_bits": 2048
          },
          "sensitive_attributes": [
            [
              {
                "type": "get_attr",
                "value": "private_key_pem_pkcs8"
              }
            ],
            [
              {
                "type": "get_attr",
                "value": "private_key_pem"
              }
            ],
            [
              {
                "type": "get_attr",
                "value": "private_key_openssh"
              }
            ]
          ]
        }
      ]
    }
  ],
  "check_results": null
}
